
Microsoft Visual Studio Solution File, Format Version 12.00
# Visual Studio Version 17
VisualStudioVersion = 17.12.35514.174
MinimumVisualStudioVersion = 10.0.40219.1
Project("{FAE04EC0-301F-11D3-BF4B-00C04F79EFBC}") = "View", "View\View.csproj", "{F25E2ABD-65BC-463D-920D-38B99D3DE10C}"
EndProject
Project("{FAE04EC0-301F-11D3-BF4B-00C04F79EFBC}") = "Model", "Model\Model.csproj", "{1DC99C9D-1E86-48F4-B77A-2334D6949DA0}"
EndProject
Project("{FAE04EC0-301F-11D3-BF4B-00C04F79EFBC}") = "ViewModel", "ViewModel\ViewModel.csproj", "{55ED6322-45E1-411D-8E77-C0FC2A863B37}"
EndProject
Global
	GlobalSection(SolutionConfigurationPlatforms) = preSolution
		Debug|Any CPU = Debug|Any CPU
		Release|Any CPU = Release|Any CPU
	EndGlobalSection
	GlobalSection(ProjectConfigurationPlatforms) = postSolution
		{F25E2ABD-65BC-463D-920D-38B99D3DE10C}.Debug|Any CPU.ActiveCfg = Debug|Any CPU
		{F25E2ABD-65BC-463D-920D-38B99D3DE10C}.Debug|Any CPU.Build.0 = Debug|Any CPU
		{F25E2ABD-65BC-463D-920D-38B99D3DE10C}.Release|Any CPU.ActiveCfg = Release|Any CPU
		{F25E2ABD-65BC-463D-920D-38B99D3DE10C}.Release|Any CPU.Build.0 = Release|Any CPU
		{1DC99C9D-1E86-48F4-B77A-2334D6949DA0}.Debug|Any CPU.ActiveCfg = Debug|Any CPU
		{1DC99C9D-1E86-48F4-B77A-2334D6949DA0}.Debug|Any CPU.Build.0 = Debug|Any CPU
		{1DC99C9D-1E86-48F4-B77A-2334D6949DA0}.Release|Any CPU.ActiveCfg = Release|Any CPU
		{1DC99C9D-1E86-48F4-B77A-2334D6949DA0}.Release|Any CPU.Build.0 = Release|Any CPU
		{55ED6322-45E1-411D-8E77-C0FC2A863B37}.Debug|Any CPU.ActiveCfg = Debug|Any CPU
		{55ED6322-45E1-411D-8E77-C0FC2A863B37}.Debug|Any CPU.Build.0 = Debug|Any CPU
		{55ED6322-45E1-411D-8E77-C0FC2A863B37}.Release|Any CPU.ActiveCfg = Release|Any CPU
		{55ED6322-45E1-411D-8E77-C0FC2A863B37}.Release|Any CPU.Build.0 = Release|Any CPU
	EndGlobalSection
	GlobalSection(SolutionProperties) = preSolution
		HideSolutionNode = FALSE
	EndGlobalSection
	GlobalSection(ExtensibilityGlobals) = postSolution
		SolutionGuid = {577099A6-99AA-402C-8486-1D088230EDA1}
	EndGlobalSection
EndGlobal
